
Microsoft Visual Studio Solution File, Format Version 11.00
# Visual Studio 2010
Project("{FAE04EC0-301F-11D3-BF4B-00C04F79EFBC}") = "HunCardGame", "HunCardApplication\HunCardGame.csproj", "{B73FA55F-5686-4EBD-9484-7316D1F08832}"
EndProject
Global
	GlobalSection(SolutionConfigurationPlatforms) = preSolution
		Debug|Any CPU = Debug|Any CPU
		Release|Any CPU = Release|Any CPU
	EndGlobalSection
	GlobalSection(ProjectConfigurationPlatforms) = postSolution
		{B73FA55F-5686-4EBD-9484-7316D1F08832}.Debug|Any CPU.ActiveCfg = Debug|Any CPU
		{B73FA55F-5686-4EBD-9484-7316D1F08832}.Debug|Any CPU.Build.0 = Debug|Any CPU
		{B73FA55F-5686-4EBD-9484-7316D1F08832}.Release|Any CPU.ActiveCfg = Release|Any CPU
		{B73FA55F-5686-4EBD-9484-7316D1F08832}.Release|Any CPU.Build.0 = Release|Any CPU
	EndGlobalSection
	GlobalSection(SolutionProperties) = preSolution
		HideSolutionNode = FALSE
	EndGlobalSection
EndGlobal
