
Microsoft Visual Studio Solution File, Format Version 12.00
# Visual Studio 2013
VisualStudioVersion = 12.0.21005.1
MinimumVisualStudioVersion = 10.0.40219.1
Project("{FAE04EC0-301F-11D3-BF4B-00C04F79EFBC}") = "DiceGame", "UnitTestDemo\DiceGame.csproj", "{07656AB3-E885-4F4B-9D6C-0EC6890C58F1}"
EndProject
Project("{FAE04EC0-301F-11D3-BF4B-00C04F79EFBC}") = "DiceGameTest", "DiceGameTest\DiceGameTest.csproj", "{84BE35A4-469D-4604-829F-DF51978BE84F}"
EndProject
Global
	GlobalSection(SolutionConfigurationPlatforms) = preSolution
		Debug|Any CPU = Debug|Any CPU
		Release|Any CPU = Release|Any CPU
	EndGlobalSection
	GlobalSection(ProjectConfigurationPlatforms) = postSolution
		{07656AB3-E885-4F4B-9D6C-0EC6890C58F1}.Debug|Any CPU.ActiveCfg = Debug|Any CPU
		{07656AB3-E885-4F4B-9D6C-0EC6890C58F1}.Debug|Any CPU.Build.0 = Debug|Any CPU
		{07656AB3-E885-4F4B-9D6C-0EC6890C58F1}.Release|Any CPU.ActiveCfg = Release|Any CPU
		{07656AB3-E885-4F4B-9D6C-0EC6890C58F1}.Release|Any CPU.Build.0 = Release|Any CPU
		{84BE35A4-469D-4604-829F-DF51978BE84F}.Debug|Any CPU.ActiveCfg = Debug|Any CPU
		{84BE35A4-469D-4604-829F-DF51978BE84F}.Debug|Any CPU.Build.0 = Debug|Any CPU
		{84BE35A4-469D-4604-829F-DF51978BE84F}.Release|Any CPU.ActiveCfg = Release|Any CPU
		{84BE35A4-469D-4604-829F-DF51978BE84F}.Release|Any CPU.Build.0 = Release|Any CPU
	EndGlobalSection
	GlobalSection(SolutionProperties) = preSolution
		HideSolutionNode = FALSE
	EndGlobalSection
EndGlobal
